// !$*UTF8*$!
{
	archiveVersion = 1;
	classes = {
	};
	objectVersion = 50;
	objects = {

/* Begin PBXBuildFile section */
		D3245DD126D2AD8D00728CCA /* AppDelegate.swift in Sources */ = {isa = PBXBuildFile; fileRef = D3245DD026D2AD8D00728CCA /* AppDelegate.swift */; };
		D3245DD326D2AD8D00728CCA /* SceneDelegate.swift in Sources */ = {isa = PBXBuildFile; fileRef = D3245DD226D2AD8D00728CCA /* SceneDelegate.swift */; };
		D3245DD526D2AD8D00728CCA /* ViewController.swift in Sources */ = {isa = PBXBuildFile; fileRef = D3245DD426D2AD8D00728CCA /* ViewController.swift */; };
		D3245DD826D2AD8D00728CCA /* Main.storyboard in Resources */ = {isa = PBXBuildFile; fileRef = D3245DD626D2AD8D00728CCA /* Main.storyboard */; };
		D3245DDB26D2AD8D00728CCA /* Segues.xcdatamodeld in Sources */ = {isa = PBXBuildFile; fileRef = D3245DD926D2AD8D00728CCA /* Segues.xcdatamodeld */; };
		D3245DDD26D2AD8E00728CCA /* Assets.xcassets in Resources */ = {isa = PBXBuildFile; fileRef = D3245DDC26D2AD8E00728CCA /* Assets.xcassets */; };
		D3245DE026D2AD8E00728CCA /* LaunchScreen.storyboard in Resources */ = {isa = PBXBuildFile; fileRef = D3245DDE26D2AD8E00728CCA /* LaunchScreen.storyboard */; };
		D3245DEB26D2AD8E00728CCA /* SeguesTests.swift in Sources */ = {isa = PBXBuildFile; fileRef = D3245DEA26D2AD8E00728CCA /* SeguesTests.swift */; };
		D3245DF626D2AD8E00728CCA /* SeguesUITests.swift in Sources */ = {isa = PBXBuildFile; fileRef = D3245DF526D2AD8E00728CCA /* SeguesUITests.swift */; };
/* End PBXBuildFile section */

/* Begin PBXContainerItemProxy section */
		D3245DE726D2AD8E00728CCA /* PBXContainerItemProxy */ = {
			isa = PBXContainerItemProxy;
			containerPortal = D3245DC526D2AD8D00728CCA /* Project object */;
			proxyType = 1;
			remoteGlobalIDString = D3245DCC26D2AD8D00728CCA;
			remoteInfo = Segues;
		};
		D3245DF226D2AD8E00728CCA /* PBXContainerItemProxy */ = {
			isa = PBXContainerItemProxy;
			containerPortal = D3245DC526D2AD8D00728CCA /* Project object */;
			proxyType = 1;
			remoteGlobalIDString = D3245DCC26D2AD8D00728CCA;
			remoteInfo = Segues;
		};
/* End PBXContainerItemProxy section */

/* Begin PBXFileReference section */
		D3245DCD26D2AD8D00728CCA /* Segues.app */ = {isa = PBXFileReference; explicitFileType = wrapper.application; includeInIndex = 0; path = Segues.app; sourceTree = BUILT_PRODUCTS_DIR; };
		D3245DD026D2AD8D00728CCA /* AppDelegate.swift */ = {isa = PBXFileReference; lastKnownFileType = sourcecode.swift; path = AppDelegate.swift; sourceTree = "<group>"; };
		D3245DD226D2AD8D00728CCA /* SceneDelegate.swift */ = {isa = PBXFileReference; lastKnownFileType = sourcecode.swift; path = SceneDelegate.swift; sourceTree = "<group>"; };
		D3245DD426D2AD8D00728CCA /* ViewController.swift */ = {isa = PBXFileReference; lastKnownFileType = sourcecode.swift; path = ViewController.swift; sourceTree = "<group>"; };
		D3245DD726D2AD8D00728CCA /* Base */ = {isa = PBXFileReference; lastKnownFileType = file.storyboard; name = Base; path = Base.lproj/Main.storyboard; sourceTree = "<group>"; };
		D3245DDA26D2AD8D00728CCA /* Segues.xcdatamodel */ = {isa = PBXFileReference; lastKnownFileType = wrapper.xcdatamodel; path = Segues.xcdatamodel; sourceTree = "<group>"; };
		D3245DDC26D2AD8E00728CCA /* Assets.xcassets */ = {isa = PBXFileReference; lastKnownFileType = folder.assetcatalog; path = Assets.xcassets; sourceTree = "<group>"; };
		D3245DDF26D2AD8E00728CCA /* Base */ = {isa = PBXFileReference; lastKnownFileType = file.storyboard; name = Base; path = Base.lproj/LaunchScreen.storyboard; sourceTree = "<group>"; };
		D3245DE126D2AD8E00728CCA /* Info.plist */ = {isa = PBXFileReference; lastKnownFileType = text.plist.xml; path = Info.plist; sourceTree = "<group>"; };
		D3245DE626D2AD8E00728CCA /* SeguesTests.xctest */ = {isa = PBXFileReference; explicitFileType = wrapper.cfbundle; includeInIndex = 0; path = SeguesTests.xctest; sourceTree = BUILT_PRODUCTS_DIR; };
		D3245DEA26D2AD8E00728CCA /* SeguesTests.swift */ = {isa = PBXFileReference; lastKnownFileType = sourcecode.swift; path = SeguesTests.swift; sourceTree = "<group>"; };
		D3245DEC26D2AD8E00728CCA /* Info.plist */ = {isa = PBXFileReference; lastKnownFileType = text.plist.xml; path = Info.plist; sourceTree = "<group>"; };
		D3245DF126D2AD8E00728CCA /* SeguesUITests.xctest */ = {isa = PBXFileReference; explicitFileType = wrapper.cfbundle; includeInIndex = 0; path = SeguesUITests.xctest; sourceTree = BUILT_PRODUCTS_DIR; };
		D3245DF526D2AD8E00728CCA /* SeguesUITests.swift */ = {isa = PBXFileReference; lastKnownFileType = sourcecode.swift; path = SeguesUITests.swift; sourceTree = "<group>"; };
		D3245DF726D2AD8E00728CCA /* Info.plist */ = {isa = PBXFileReference; lastKnownFileType = text.plist.xml; path = Info.plist; sourceTree = "<group>"; };
/* End PBXFileReference section */

/* Begin PBXFrameworksBuildPhase section */
		D3245DCA26D2AD8D00728CCA /* Frameworks */ = {
			isa = PBXFrameworksBuildPhase;
			buildActionMask = 2147483647;
			files = (
			);
			runOnlyForDeploymentPostprocessing = 0;
		};
		D3245DE326D2AD8E00728CCA /* Frameworks */ = {
			isa = PBXFrameworksBuildPhase;
			buildActionMask = 2147483647;
			files = (
			);
			runOnlyForDeploymentPostprocessing = 0;
		};
		D3245DEE26D2AD8E00728CCA /* Frameworks */ = {
			isa = PBXFrameworksBuildPhase;
			buildActionMask = 2147483647;
			files = (
			);
			runOnlyForDeploymentPostprocessing = 0;
		};
/* End PBXFrameworksBuildPhase section */

/* Begin PBXGroup section */
		D3245DC426D2AD8D00728CCA = {
			isa = PBXGroup;
			children = (
				D3245DCF26D2AD8D00728CCA /* Segues */,
				D3245DE926D2AD8E00728CCA /* SeguesTests */,
				D3245DF426D2AD8E00728CCA /* SeguesUITests */,
				D3245DCE26D2AD8D00728CCA /* Products */,
			);
			sourceTree = "<group>";
		};
		D3245DCE26D2AD8D00728CCA /* Products */ = {
			isa = PBXGroup;
			children = (
				D3245DCD26D2AD8D00728CCA /* Segues.app */,
				D3245DE626D2AD8E00728CCA /* SeguesTests.xctest */,
				D3245DF126D2AD8E00728CCA /* SeguesUITests.xctest */,
			);
			name = Products;
			sourceTree = "<group>";
		};
		D3245DCF26D2AD8D00728CCA /* Segues */ = {
			isa = PBXGroup;
			children = (
				D3245DD026D2AD8D00728CCA /* AppDelegate.swift */,
				D3245DD226D2AD8D00728CCA /* SceneDelegate.swift */,
				D3245DD426D2AD8D00728CCA /* ViewController.swift */,
				D3245DD626D2AD8D00728CCA /* Main.storyboard */,
				D3245DDC26D2AD8E00728CCA /* Assets.xcassets */,
				D3245DDE26D2AD8E00728CCA /* LaunchScreen.storyboard */,
				D3245DE126D2AD8E00728CCA /* Info.plist */,
				D3245DD926D2AD8D00728CCA /* Segues.xcdatamodeld */,
			);
			path = Segues;
			sourceTree = "<group>";
		};
		D3245DE926D2AD8E00728CCA /* SeguesTests */ = {
			isa = PBXGroup;
			children = (
				D3245DEA26D2AD8E00728CCA /* SeguesTests.swift */,
				D3245DEC26D2AD8E00728CCA /* Info.plist */,
			);
			path = SeguesTests;
			sourceTree = "<group>";
		};
		D3245DF426D2AD8E00728CCA /* SeguesUITests */ = {
			isa = PBXGroup;
			children = (
				D3245DF526D2AD8E00728CCA /* SeguesUITests.swift */,
				D3245DF726D2AD8E00728CCA /* Info.plist */,
			);
			path = SeguesUITests;
			sourceTree = "<group>";
		};
/* End PBXGroup section */

/* Begin PBXNativeTarget section */
		D3245DCC26D2AD8D00728CCA /* Segues */ = {
			isa = PBXNativeTarget;
			buildConfigurationList = D3245DFA26D2AD8E00728CCA /* Build configuration list for PBXNativeTarget "Segues" */;
			buildPhases = (
				D3245DC926D2AD8D00728CCA /* Sources */,
				D3245DCA26D2AD8D00728CCA /* Frameworks */,
				D3245DCB26D2AD8D00728CCA /* Resources */,
			);
			buildRules = (
			);
			dependencies = (
			);
			name = Segues;
			productName = Segues;
			productReference = D3245DCD26D2AD8D00728CCA /* Segues.app */;
			productType = "com.apple.product-type.application";
		};
		D3245DE526D2AD8E00728CCA /* SeguesTests */ = {
			isa = PBXNativeTarget;
			buildConfigurationList = D3245DFD26D2AD8E00728CCA /* Build configuration list for PBXNativeTarget "SeguesTests" */;
			buildPhases = (
				D3245DE226D2AD8E00728CCA /* Sources */,
				D3245DE326D2AD8E00728CCA /* Frameworks */,
				D3245DE426D2AD8E00728CCA /* Resources */,
			);
			buildRules = (
			);
			dependencies = (
				D3245DE826D2AD8E00728CCA /* PBXTargetDependency */,
			);
			name = SeguesTests;
			productName = SeguesTests;
			productReference = D3245DE626D2AD8E00728CCA /* SeguesTests.xctest */;
			productType = "com.apple.product-type.bundle.unit-test";
		};
		D3245DF026D2AD8E00728CCA /* SeguesUITests */ = {
			isa = PBXNativeTarget;
			buildConfigurationList = D3245E0026D2AD8E00728CCA /* Build configuration list for PBXNativeTarget "SeguesUITests" */;
			buildPhases = (
				D3245DED26D2AD8E00728CCA /* Sources */,
				D3245DEE26D2AD8E00728CCA /* Frameworks */,
				D3245DEF26D2AD8E00728CCA /* Resources */,
			);
			buildRules = (
			);
			dependencies = (
				D3245DF326D2AD8E00728CCA /* PBXTargetDependency */,
			);
			name = SeguesUITests;
			productName = SeguesUITests;
			productReference = D3245DF126D2AD8E00728CCA /* SeguesUITests.xctest */;
			productType = "com.apple.product-type.bundle.ui-testing";
		};
/* End PBXNativeTarget section */

/* Begin PBXProject section */
		D3245DC526D2AD8D00728CCA /* Project object */ = {
			isa = PBXProject;
			attributes = {
				LastSwiftUpdateCheck = 1250;
				LastUpgradeCheck = 1250;
				TargetAttributes = {
					D3245DCC26D2AD8D00728CCA = {
						CreatedOnToolsVersion = 12.5.1;
					};
					D3245DE526D2AD8E00728CCA = {
						CreatedOnToolsVersion = 12.5.1;
						TestTargetID = D3245DCC26D2AD8D00728CCA;
					};
					D3245DF026D2AD8E00728CCA = {
						CreatedOnToolsVersion = 12.5.1;
						TestTargetID = D3245DCC26D2AD8D00728CCA;
					};
				};
			};
			buildConfigurationList = D3245DC826D2AD8D00728CCA /* Build configuration list for PBXProject "Segues" */;
			compatibilityVersion = "Xcode 9.3";
			developmentRegion = en;
			hasScannedForEncodings = 0;
			knownRegions = (
				en,
				Base,
			);
			mainGroup = D3245DC426D2AD8D00728CCA;
			productRefGroup = D3245DCE26D2AD8D00728CCA /* Products */;
			projectDirPath = "";
			projectRoot = "";
			targets = (
				D3245DCC26D2AD8D00728CCA /* Segues */,
				D3245DE526D2AD8E00728CCA /* SeguesTests */,
				D3245DF026D2AD8E00728CCA /* SeguesUITests */,
			);
		};
/* End PBXProject section */

/* Begin PBXResourcesBuildPhase section */
		D3245DCB26D2AD8D00728CCA /* Resources */ = {
			isa = PBXResourcesBuildPhase;
			buildActionMask = 2147483647;
			files = (
				D3245DE026D2AD8E00728CCA /* LaunchScreen.storyboard in Resources */,
				D3245DDD26D2AD8E00728CCA /* Assets.xcassets in Resources */,
				D3245DD826D2AD8D00728CCA /* Main.storyboard in Resources */,
			);
			runOnlyForDeploymentPostprocessing = 0;
		};
		D3245DE426D2AD8E00728CCA /* Resources */ = {
			isa = PBXResourcesBuildPhase;
			buildActionMask = 2147483647;
			files = (
			);
			runOnlyForDeploymentPostprocessing = 0;
		};
		D3245DEF26D2AD8E00728CCA /* Resources */ = {
			isa = PBXResourcesBuildPhase;
			buildActionMask = 2147483647;
			files = (
			);
			runOnlyForDeploymentPostprocessing = 0;
		};
/* End PBXResourcesBuildPhase section */

/* Begin PBXSourcesBuildPhase section */
		D3245DC926D2AD8D00728CCA /* Sources */ = {
			isa = PBXSourcesBuildPhase;
			buildActionMask = 2147483647;
			files = (
				D3245DD526D2AD8D00728CCA /* ViewController.swift in Sources */,
				D3245DD126D2AD8D00728CCA /* AppDelegate.swift in Sources */,
				D3245DD326D2AD8D00728CCA /* SceneDelegate.swift in Sources */,
				D3245DDB26D2AD8D00728CCA /* Segues.xcdatamodeld in Sources */,
			);
			runOnlyForDeploymentPostprocessing = 0;
		};
		D3245DE226D2AD8E00728CCA /* Sources */ = {
			isa = PBXSourcesBuildPhase;
			buildActionMask = 2147483647;
			files = (
				D3245DEB26D2AD8E00728CCA /* SeguesTests.swift in Sources */,
			);
			runOnlyForDeploymentPostprocessing = 0;
		};
		D3245DED26D2AD8E00728CCA /* Sources */ = {
			isa = PBXSourcesBuildPhase;
			buildActionMask = 2147483647;
			files = (
				D3245DF626D2AD8E00728CCA /* SeguesUITests.swift in Sources */,
			);
			runOnlyForDeploymentPostprocessing = 0;
		};
/* End PBXSourcesBuildPhase section */

/* Begin PBXTargetDependency section */
		D3245DE826D2AD8E00728CCA /* PBXTargetDependency */ = {
			isa = PBXTargetDependency;
			target = D3245DCC26D2AD8D00728CCA /* Segues */;
			targetProxy = D3245DE726D2AD8E00728CCA /* PBXContainerItemProxy */;
		};
		D3245DF326D2AD8E00728CCA /* PBXTargetDependency */ = {
			isa = PBXTargetDependency;
			target = D3245DCC26D2AD8D00728CCA /* Segues */;
			targetProxy = D3245DF226D2AD8E00728CCA /* PBXContainerItemProxy */;
		};
/* End PBXTargetDependency section */

/* Begin PBXVariantGroup section */
		D3245DD626D2AD8D00728CCA /* Main.storyboard */ = {
			isa = PBXVariantGroup;
			children = (
				D3245DD726D2AD8D00728CCA /* Base */,
			);
			name = Main.storyboard;
			sourceTree = "<group>";
		};
		D3245DDE26D2AD8E00728CCA /* LaunchScreen.storyboard */ = {
			isa = PBXVariantGroup;
			children = (
				D3245DDF26D2AD8E00728CCA /* Base */,
			);
			name = LaunchScreen.storyboard;
			sourceTree = "<group>";
		};
/* End PBXVariantGroup section */

/* Begin XCBuildConfiguration section */
		D3245DF826D2AD8E00728CCA /* Debug */ = {
			isa = XCBuildConfiguration;
			buildSettings = {
				ALWAYS_SEARCH_USER_PATHS = NO;
				CLANG_ANALYZER_NONNULL = YES;
				CLANG_ANALYZER_NUMBER_OBJECT_CONVERSION = YES_AGGRESSIVE;
				CLANG_CXX_LANGUAGE_STANDARD = "gnu++14";
				CLANG_CXX_LIBRARY = "libc++";
				CLANG_ENABLE_MODULES = YES;
				CLANG_ENABLE_OBJC_ARC = YES;
				CLANG_ENABLE_OBJC_WEAK = YES;
				CLANG_WARN_BLOCK_CAPTURE_AUTORELEASING = YES;
				CLANG_WARN_BOOL_CONVERSION = YES;
				CLANG_WARN_COMMA = YES;
				CLANG_WARN_CONSTANT_CONVERSION = YES;
				CLANG_WARN_DEPRECATED_OBJC_IMPLEMENTATIONS = YES;
				CLANG_WARN_DIRECT_OBJC_ISA_USAGE = YES_ERROR;
				CLANG_WARN_DOCUMENTATION_COMMENTS = YES;
				CLANG_WARN_EMPTY_BODY = YES;
				CLANG_WARN_ENUM_CONVERSION = YES;
				CLANG_WARN_INFINITE_RECURSION = YES;
				CLANG_WARN_INT_CONVERSION = YES;
				CLANG_WARN_NON_LITERAL_NULL_CONVERSION = YES;
				CLANG_WARN_OBJC_IMPLICIT_RETAIN_SELF = YES;
				CLANG_WARN_OBJC_LITERAL_CONVERSION = YES;
				CLANG_WARN_OBJC_ROOT_CLASS = YES_ERROR;
				CLANG_WARN_QUOTED_INCLUDE_IN_FRAMEWORK_HEADER = YES;
				CLANG_WARN_RANGE_LOOP_ANALYSIS = YES;
				CLANG_WARN_STRICT_PROTOTYPES = YES;
				CLANG_WARN_SUSPICIOUS_MOVE = YES;
				CLANG_WARN_UNGUARDED_AVAILABILITY = YES_AGGRESSIVE;
				CLANG_WARN_UNREACHABLE_CODE = YES;
				CLANG_WARN__DUPLICATE_METHOD_MATCH = YES;
				COPY_PHASE_STRIP = NO;
				DEBUG_INFORMATION_FORMAT = dwarf;
				ENABLE_STRICT_OBJC_MSGSEND = YES;
				ENABLE_TESTABILITY = YES;
				GCC_C_LANGUAGE_STANDARD = gnu11;
				GCC_DYNAMIC_NO_PIC = NO;
				GCC_NO_COMMON_BLOCKS = YES;
				GCC_OPTIMIZATION_LEVEL = 0;
				GCC_PREPROCESSOR_DEFINITIONS = (
					"DEBUG=1",
					"$(inherited)",
				);
				GCC_WARN_64_TO_32_BIT_CONVERSION = YES;
				GCC_WARN_ABOUT_RETURN_TYPE = YES_ERROR;
				GCC_WARN_UNDECLARED_SELECTOR = YES;
				GCC_WARN_UNINITIALIZED_AUTOS = YES_AGGRESSIVE;
				GCC_WARN_UNUSED_FUNCTION = YES;
				GCC_WARN_UNUSED_VARIABLE = YES;
				IPHONEOS_DEPLOYMENT_TARGET = 14.5;
				MTL_ENABLE_DEBUG_INFO = INCLUDE_SOURCE;
				MTL_FAST_MATH = YES;
				ONLY_ACTIVE_ARCH = YES;
				SDKROOT = iphoneos;
				SWIFT_ACTIVE_COMPILATION_CONDITIONS = DEBUG;
				SWIFT_OPTIMIZATION_LEVEL = "-Onone";
			};
			name = Debug;
		};
		D3245DF926D2AD8E00728CCA /* Release */ = {
			isa = XCBuildConfiguration;
			buildSettings = {
				ALWAYS_SEARCH_USER_PATHS = NO;
				CLANG_ANALYZER_NONNULL = YES;
				CLANG_ANALYZER_NUMBER_OBJECT_CONVERSION = YES_AGGRESSIVE;
				CLANG_CXX_LANGUAGE_STANDARD = "gnu++14";
				CLANG_CXX_LIBRARY = "libc++";
				CLANG_ENABLE_MODULES = YES;
				CLANG_ENABLE_OBJC_ARC = YES;
				CLANG_ENABLE_OBJC_WEAK = YES;
				CLANG_WARN_BLOCK_CAPTURE_AUTORELEASING = YES;
				CLANG_WARN_BOOL_CONVERSION = YES;
				CLANG_WARN_COMMA = YES;
				CLANG_WARN_CONSTANT_CONVERSION = YES;
				CLANG_WARN_DEPRECATED_OBJC_IMPLEMENTATIONS = YES;
				CLANG_WARN_DIRECT_OBJC_ISA_USAGE = YES_ERROR;
				CLANG_WARN_DOCUMENTATION_COMMENTS = YES;
				CLANG_WARN_EMPTY_BODY = YES;
				CLANG_WARN_ENUM_CONVERSION = YES;
				CLANG_WARN_INFINITE_RECURSION = YES;
				CLANG_WARN_INT_CONVERSION = YES;
				CLANG_WARN_NON_LITERAL_NULL_CONVERSION = YES;
				CLANG_WARN_OBJC_IMPLICIT_RETAIN_SELF = YES;
				CLANG_WARN_OBJC_LITERAL_CONVERSION = YES;
				CLANG_WARN_OBJC_ROOT_CLASS = YES_ERROR;
				CLANG_WARN_QUOTED_INCLUDE_IN_FRAMEWORK_HEADER = YES;
				CLANG_WARN_RANGE_LOOP_ANALYSIS = YES;
				CLANG_WARN_STRICT_PROTOTYPES = YES;
				CLANG_WARN_SUSPICIOUS_MOVE = YES;
				CLANG_WARN_UNGUARDED_AVAILABILITY = YES_AGGRESSIVE;
				CLANG_WARN_UNREACHABLE_CODE = YES;
				CLANG_WARN__DUPLICATE_METHOD_MATCH = YES;
				COPY_PHASE_STRIP = NO;
				DEBUG_INFORMATION_FORMAT = "dwarf-with-dsym";
				ENABLE_NS_ASSERTIONS = NO;
				ENABLE_STRICT_OBJC_MSGSEND = YES;
				GCC_C_LANGUAGE_STANDARD = gnu11;
				GCC_NO_COMMON_BLOCKS = YES;
				GCC_WARN_64_TO_32_BIT_CONVERSION = YES;
				GCC_WARN_ABOUT_RETURN_TYPE = YES_ERROR;
				GCC_WARN_UNDECLARED_SELECTOR = YES;
				GCC_WARN_UNINITIALIZED_AUTOS = YES_AGGRESSIVE;
				GCC_WARN_UNUSED_FUNCTION = YES;
				GCC_WARN_UNUSED_VARIABLE = YES;
				IPHONEOS_DEPLOYMENT_TARGET = 14.5;
				MTL_ENABLE_DEBUG_INFO = NO;
				MTL_FAST_MATH = YES;
				SDKROOT = iphoneos;
				SWIFT_COMPILATION_MODE = wholemodule;
				SWIFT_OPTIMIZATION_LEVEL = "-O";
				VALIDATE_PRODUCT = YES;
			};
			name = Release;
		};
		D3245DFB26D2AD8E00728CCA /* Debug */ = {
			isa = XCBuildConfiguration;
			buildSettings = {
				ASSETCATALOG_COMPILER_APPICON_NAME = AppIcon;
				ASSETCATALOG_COMPILER_GLOBAL_ACCENT_COLOR_NAME = AccentColor;
				CODE_SIGN_STYLE = Automatic;
				DEVELOPMENT_TEAM = LWABM5NUJY;
				INFOPLIST_FILE = Segues/Info.plist;
				LD_RUNPATH_SEARCH_PATHS = (
					"$(inherited)",
					"@executable_path/Frameworks",
				);
				PRODUCT_BUNDLE_IDENTIFIER = br.com.lincesapp.Segues;
				PRODUCT_NAME = "$(TARGET_NAME)";
				SWIFT_VERSION = 5.0;
				TARGETED_DEVICE_FAMILY = "1,2";
			};
			name = Debug;
		};
		D3245DFC26D2AD8E00728CCA /* Release */ = {
			isa = XCBuildConfiguration;
			buildSettings = {
				ASSETCATALOG_COMPILER_APPICON_NAME = AppIcon;
				ASSETCATALOG_COMPILER_GLOBAL_ACCENT_COLOR_NAME = AccentColor;
				CODE_SIGN_STYLE = Automatic;
				DEVELOPMENT_TEAM = LWABM5NUJY;
				INFOPLIST_FILE = Segues/Info.plist;
				LD_RUNPATH_SEARCH_PATHS = (
					"$(inherited)",
					"@executable_path/Frameworks",
				);
				PRODUCT_BUNDLE_IDENTIFIER = br.com.lincesapp.Segues;
				PRODUCT_NAME = "$(TARGET_NAME)";
				SWIFT_VERSION = 5.0;
				TARGETED_DEVICE_FAMILY = "1,2";
			};
			name = Release;
		};
		D3245DFE26D2AD8E00728CCA /* Debug */ = {
			isa = XCBuildConfiguration;
			buildSettings = {
				ALWAYS_EMBED_SWIFT_STANDARD_LIBRARIES = YES;
				BUNDLE_LOADER = "$(TEST_HOST)";
				CODE_SIGN_STYLE = Automatic;
				DEVELOPMENT_TEAM = LWABM5NUJY;
				INFOPLIST_FILE = SeguesTests/Info.plist;
				IPHONEOS_DEPLOYMENT_TARGET = 14.5;
				LD_RUNPATH_SEARCH_PATHS = (
					"$(inherited)",
					"@executable_path/Frameworks",
					"@loader_path/Frameworks",
				);
				PRODUCT_BUNDLE_IDENTIFIER = br.com.lincesapp.SeguesTests;
				PRODUCT_NAME = "$(TARGET_NAME)";
				SWIFT_VERSION = 5.0;
				TARGETED_DEVICE_FAMILY = "1,2";
				TEST_HOST = "$(BUILT_PRODUCTS_DIR)/Segues.app/Segues";
			};
			name = Debug;
		};
		D3245DFF26D2AD8E00728CCA /* Release */ = {
			isa = XCBuildConfiguration;
			buildSettings = {
				ALWAYS_EMBED_SWIFT_STANDARD_LIBRARIES = YES;
				BUNDLE_LOADER = "$(TEST_HOST)";
				CODE_SIGN_STYLE = Automatic;
				DEVELOPMENT_TEAM = LWABM5NUJY;
				INFOPLIST_FILE = SeguesTests/Info.plist;
				IPHONEOS_DEPLOYMENT_TARGET = 14.5;
				LD_RUNPATH_SEARCH_PATHS = (
					"$(inherited)",
					"@executable_path/Frameworks",
					"@loader_path/Frameworks",
				);
				PRODUCT_BUNDLE_IDENTIFIER = br.com.lincesapp.SeguesTests;
				PRODUCT_NAME = "$(TARGET_NAME)";
				SWIFT_VERSION = 5.0;
				TARGETED_DEVICE_FAMILY = "1,2";
				TEST_HOST = "$(BUILT_PRODUCTS_DIR)/Segues.app/Segues";
			};
			name = Release;
		};
		D3245E0126D2AD8E00728CCA /* Debug */ = {
			isa = XCBuildConfiguration;
			buildSettings = {
				ALWAYS_EMBED_SWIFT_STANDARD_LIBRARIES = YES;
				CODE_SIGN_STYLE = Automatic;
				DEVELOPMENT_TEAM = LWABM5NUJY;
				INFOPLIST_FILE = SeguesUITests/Info.plist;
				LD_RUNPATH_SEARCH_PATHS = (
					"$(inherited)",
					"@executable_path/Frameworks",
					"@loader_path/Frameworks",
				);
				PRODUCT_BUNDLE_IDENTIFIER = br.com.lincesapp.SeguesUITests;
				PRODUCT_NAME = "$(TARGET_NAME)";
				SWIFT_VERSION = 5.0;
				TARGETED_DEVICE_FAMILY = "1,2";
				TEST_TARGET_NAME = Segues;
			};
			name = Debug;
		};
		D3245E0226D2AD8E00728CCA /* Release */ = {
			isa = XCBuildConfiguration;
			buildSettings = {
				ALWAYS_EMBED_SWIFT_STANDARD_LIBRARIES = YES;
				CODE_SIGN_STYLE = Automatic;
				DEVELOPMENT_TEAM = LWABM5NUJY;
				INFOPLIST_FILE = SeguesUITests/Info.plist;
				LD_RUNPATH_SEARCH_PATHS = (
					"$(inherited)",
					"@executable_path/Frameworks",
					"@loader_path/Frameworks",
				);
				PRODUCT_BUNDLE_IDENTIFIER = br.com.lincesapp.SeguesUITests;
				PRODUCT_NAME = "$(TARGET_NAME)";
				SWIFT_VERSION = 5.0;
				TARGETED_DEVICE_FAMILY = "1,2";
				TEST_TARGET_NAME = Segues;
			};
			name = Release;
		};
/* End XCBuildConfiguration section */

/* Begin XCConfigurationList section */
		D3245DC826D2AD8D00728CCA /* Build configuration list for PBXProject "Segues" */ = {
			isa = XCConfigurationList;
			buildConfigurations = (
				D3245DF826D2AD8E00728CCA /* Debug */,
				D3245DF926D2AD8E00728CCA /* Release */,
			);
			defaultConfigurationIsVisible = 0;
			defaultConfigurationName = Release;
		};
		D3245DFA26D2AD8E00728CCA /* Build configuration list for PBXNativeTarget "Segues" */ = {
			isa = XCConfigurationList;
			buildConfigurations = (
				D3245DFB26D2AD8E00728CCA /* Debug */,
				D3245DFC26D2AD8E00728CCA /* Release */,
			);
			defaultConfigurationIsVisible = 0;
			defaultConfigurationName = Release;
		};
		D3245DFD26D2AD8E00728CCA /* Build configuration list for PBXNativeTarget "SeguesTests" */ = {
			isa = XCConfigurationList;
			buildConfigurations = (
				D3245DFE26D2AD8E00728CCA /* Debug */,
				D3245DFF26D2AD8E00728CCA /* Release */,
			);
			defaultConfigurationIsVisible = 0;
			defaultConfigurationName = Release;
		};
		D3245E0026D2AD8E00728CCA /* Build configuration list for PBXNativeTarget "SeguesUITests" */ = {
			isa = XCConfigurationList;
			buildConfigurations = (
				D3245E0126D2AD8E00728CCA /* Debug */,
				D3245E0226D2AD8E00728CCA /* Release */,
			);
			defaultConfigurationIsVisible = 0;
			defaultConfigurationName = Release;
		};
/* End XCConfigurationList section */

/* Begin XCVersionGroup section */
		D3245DD926D2AD8D00728CCA /* Segues.xcdatamodeld */ = {
			isa = XCVersionGroup;
			children = (
				D3245DDA26D2AD8D00728CCA /* Segues.xcdatamodel */,
			);
			currentVersion = D3245DDA26D2AD8D00728CCA /* Segues.xcdatamodel */;
			path = Segues.xcdatamodeld;
			sourceTree = "<group>";
			versionGroupType = wrapper.xcdatamodel;
		};
/* End XCVersionGroup section */
	};
	rootObject = D3245DC526D2AD8D00728CCA /* Project object */;
}
